
Microsoft Visual Studio Solution File, Format Version 12.00
# Visual Studio 14
VisualStudioVersion = 14.0.24720.0
MinimumVisualStudioVersion = 10.0.40219.1
Project("{2150E333-8FDC-42A3-9474-1A3956D46DE8}") = "src", "src", "{1299D21B-DF19-4CA7-B266-9D7F349093C5}"
EndProject
Project("{2150E333-8FDC-42A3-9474-1A3956D46DE8}") = "Solution Items", "Solution Items", "{CFA96FF4-42ED-45B6-806F-3C33B1EDA864}"
	ProjectSection(SolutionItems) = preProject
		global.json = global.json
	EndProjectSection
EndProject
Project("{8BB2217D-0F2D-49D1-97BC-3654ED321F3B}") = "HelloCSharp", "src\HelloCSharp\HelloCSharp.xproj", "{179F07FB-098C-45D2-991D-2A16480B9D99}"
EndProject
Global
	GlobalSection(SolutionConfigurationPlatforms) = preSolution
		Debug|Any CPU = Debug|Any CPU
		Release|Any CPU = Release|Any CPU
	EndGlobalSection
	GlobalSection(ProjectConfigurationPlatforms) = postSolution
		{179F07FB-098C-45D2-991D-2A16480B9D99}.Debug|Any CPU.ActiveCfg = Debug|Any CPU
		{179F07FB-098C-45D2-991D-2A16480B9D99}.Debug|Any CPU.Build.0 = Debug|Any CPU
		{179F07FB-098C-45D2-991D-2A16480B9D99}.Release|Any CPU.ActiveCfg = Release|Any CPU
		{179F07FB-098C-45D2-991D-2A16480B9D99}.Release|Any CPU.Build.0 = Release|Any CPU
	EndGlobalSection
	GlobalSection(SolutionProperties) = preSolution
		HideSolutionNode = FALSE
	EndGlobalSection
	GlobalSection(NestedProjects) = preSolution
		{179F07FB-098C-45D2-991D-2A16480B9D99} = {1299D21B-DF19-4CA7-B266-9D7F349093C5}
	EndGlobalSection
EndGlobal
